
Microsoft Visual Studio Solution File, Format Version 12.00
# Visual Studio Version 16
VisualStudioVersion = 16.0.30907.101
MinimumVisualStudioVersion = 10.0.40219.1
Project("{FAE04EC0-301F-11D3-BF4B-00C04F79EFBC}") = "CleanArch.WebMvc", "CleanArch.WebMvc\CleanArch.WebMvc.csproj", "{8702D4C6-8347-494D-851B-CF30217522C4}"
EndProject
Project("{FAE04EC0-301F-11D3-BF4B-00C04F79EFBC}") = "CleanArch.Core", "CleanArch.Core\CleanArch.Core.csproj", "{4BDCC747-3989-45E0-AA39-EF4533630DB8}"
EndProject
Global
	GlobalSection(SolutionConfigurationPlatforms) = preSolution
		Debug|Any CPU = Debug|Any CPU
		Release|Any CPU = Release|Any CPU
	EndGlobalSection
	GlobalSection(ProjectConfigurationPlatforms) = postSolution
		{8702D4C6-8347-494D-851B-CF30217522C4}.Debug|Any CPU.ActiveCfg = Debug|Any CPU
		{8702D4C6-8347-494D-851B-CF30217522C4}.Debug|Any CPU.Build.0 = Debug|Any CPU
		{8702D4C6-8347-494D-851B-CF30217522C4}.Release|Any CPU.ActiveCfg = Release|Any CPU
		{8702D4C6-8347-494D-851B-CF30217522C4}.Release|Any CPU.Build.0 = Release|Any CPU
		{4BDCC747-3989-45E0-AA39-EF4533630DB8}.Debug|Any CPU.ActiveCfg = Debug|Any CPU
		{4BDCC747-3989-45E0-AA39-EF4533630DB8}.Debug|Any CPU.Build.0 = Debug|Any CPU
		{4BDCC747-3989-45E0-AA39-EF4533630DB8}.Release|Any CPU.ActiveCfg = Release|Any CPU
		{4BDCC747-3989-45E0-AA39-EF4533630DB8}.Release|Any CPU.Build.0 = Release|Any CPU
	EndGlobalSection
	GlobalSection(SolutionProperties) = preSolution
		HideSolutionNode = FALSE
	EndGlobalSection
	GlobalSection(ExtensibilityGlobals) = postSolution
		SolutionGuid = {564F62CA-551B-4E72-9270-F74EFF90A5E1}
	EndGlobalSection
EndGlobal
